
Microsoft Visual Studio Solution File, Format Version 12.00
# Visual Studio 15
VisualStudioVersion = 15.0.27703.2000
MinimumVisualStudioVersion = 10.0.40219.1
Project("{FAE04EC0-301F-11D3-BF4B-00C04F79EFBC}") = "WhiteElephantWebsite", "WhiteElephantWebsite\WhiteElephantWebsite.csproj", "{71A68E19-85D9-4805-B3FB-9E48D5BEC255}"
EndProject
Global
	GlobalSection(SolutionConfigurationPlatforms) = preSolution
		Debug|Any CPU = Debug|Any CPU
		Release|Any CPU = Release|Any CPU
	EndGlobalSection
	GlobalSection(ProjectConfigurationPlatforms) = postSolution
		{71A68E19-85D9-4805-B3FB-9E48D5BEC255}.Debug|Any CPU.ActiveCfg = Debug|Any CPU
		{71A68E19-85D9-4805-B3FB-9E48D5BEC255}.Debug|Any CPU.Build.0 = Debug|Any CPU
		{71A68E19-85D9-4805-B3FB-9E48D5BEC255}.Release|Any CPU.ActiveCfg = Release|Any CPU
		{71A68E19-85D9-4805-B3FB-9E48D5BEC255}.Release|Any CPU.Build.0 = Release|Any CPU
	EndGlobalSection
	GlobalSection(SolutionProperties) = preSolution
		HideSolutionNode = FALSE
	EndGlobalSection
	GlobalSection(ExtensibilityGlobals) = postSolution
		SolutionGuid = {C3F8C669-9CDF-4BBD-8785-C5B6CD9DCEEE}
	EndGlobalSection
EndGlobal
